
Microsoft Visual Studio Solution File, Format Version 12.00
# Visual Studio Version 16
VisualStudioVersion = 16.0.30907.101
MinimumVisualStudioVersion = 10.0.40219.1
Project("{8BC9CEB8-8B4A-11D0-8D11-00A0C91BC942}") = "MPI", "MPI.vcxproj", "{068989DB-5DD6-4FE2-91CA-48497F52CBA2}"
EndProject
Global
	GlobalSection(SolutionConfigurationPlatforms) = preSolution
		Debug|x64 = Debug|x64
		Debug|x86 = Debug|x86
		Release|x64 = Release|x64
		Release|x86 = Release|x86
	EndGlobalSection
	GlobalSection(ProjectConfigurationPlatforms) = postSolution
		{068989DB-5DD6-4FE2-91CA-48497F52CBA2}.Debug|x64.ActiveCfg = Debug|x64
		{068989DB-5DD6-4FE2-91CA-48497F52CBA2}.Debug|x64.Build.0 = Debug|x64
		{068989DB-5DD6-4FE2-91CA-48497F52CBA2}.Debug|x86.ActiveCfg = Debug|Win32
		{068989DB-5DD6-4FE2-91CA-48497F52CBA2}.Debug|x86.Build.0 = Debug|Win32
		{068989DB-5DD6-4FE2-91CA-48497F52CBA2}.Release|x64.ActiveCfg = Release|x64
		{068989DB-5DD6-4FE2-91CA-48497F52CBA2}.Release|x64.Build.0 = Release|x64
		{068989DB-5DD6-4FE2-91CA-48497F52CBA2}.Release|x86.ActiveCfg = Release|Win32
		{068989DB-5DD6-4FE2-91CA-48497F52CBA2}.Release|x86.Build.0 = Release|Win32
	EndGlobalSection
	GlobalSection(SolutionProperties) = preSolution
		HideSolutionNode = FALSE
	EndGlobalSection
	GlobalSection(ExtensibilityGlobals) = postSolution
		SolutionGuid = {715452CF-DD23-4DD9-88CA-977D958D8739}
	EndGlobalSection
EndGlobal
